
Microsoft Visual Studio Solution File, Format Version 12.00
# Visual Studio Version 16
VisualStudioVersion = 16.0.31702.278
MinimumVisualStudioVersion = 10.0.40219.1
Project("{FAE04EC0-301F-11D3-BF4B-00C04F79EFBC}") = "ORMPrac2", "ORMPrac2.csproj", "{96CA7BB7-599B-43A7-A685-3924B01C12AA}"
EndProject
Global
	GlobalSection(SolutionConfigurationPlatforms) = preSolution
		Debug|Any CPU = Debug|Any CPU
		Release|Any CPU = Release|Any CPU
	EndGlobalSection
	GlobalSection(ProjectConfigurationPlatforms) = postSolution
		{96CA7BB7-599B-43A7-A685-3924B01C12AA}.Debug|Any CPU.ActiveCfg = Debug|Any CPU
		{96CA7BB7-599B-43A7-A685-3924B01C12AA}.Debug|Any CPU.Build.0 = Debug|Any CPU
		{96CA7BB7-599B-43A7-A685-3924B01C12AA}.Release|Any CPU.ActiveCfg = Release|Any CPU
		{96CA7BB7-599B-43A7-A685-3924B01C12AA}.Release|Any CPU.Build.0 = Release|Any CPU
	EndGlobalSection
	GlobalSection(SolutionProperties) = preSolution
		HideSolutionNode = FALSE
	EndGlobalSection
	GlobalSection(ExtensibilityGlobals) = postSolution
		SolutionGuid = {55D0CC05-4160-4AB7-B51D-BB336059467A}
	EndGlobalSection
EndGlobal
